// !$*UTF8*$!
{
	archiveVersion = 1;
	classes = {
	};
	objectVersion = 56;
	objects = {

/* Begin PBXBuildFile section */
		A2E860252BD20DDB000EBA52 /* RenderedImageView.swift in Sources */ = {isa = PBXBuildFile; fileRef = A2E860242BD20DDB000EBA52 /* RenderedImageView.swift */; };
		FA2CC3CE2BC9EF98008064A2 /* OTextField.swift in Sources */ = {isa = PBXBuildFile; fileRef = FA2CC3CD2BC9EF98008064A2 /* OTextField.swift */; };
		FA37D9652BBB2F620094589F /* OrionApp.swift in Sources */ = {isa = PBXBuildFile; fileRef = FA37D9642BBB2F620094589F /* OrionApp.swift */; };
		FA37D9672BBB2F620094589F /* ContentView.swift in Sources */ = {isa = PBXBuildFile; fileRef = FA37D9662BBB2F620094589F /* ContentView.swift */; };
		FA37D9692BBB2F640094589F /* Assets.xcassets in Resources */ = {isa = PBXBuildFile; fileRef = FA37D9682BBB2F640094589F /* Assets.xcassets */; };
		FA37D96C2BBB2F640094589F /* Preview Assets.xcassets in Resources */ = {isa = PBXBuildFile; fileRef = FA37D96B2BBB2F640094589F /* Preview Assets.xcassets */; };
		FA37D9732BBB2FB40094589F /* AppInfo.swift in Sources */ = {isa = PBXBuildFile; fileRef = FA37D9722BBB2FB40094589F /* AppInfo.swift */; };
		FA37D9752BBB33620094589F /* YearPicker.swift in Sources */ = {isa = PBXBuildFile; fileRef = FA37D9742BBB33620094589F /* YearPicker.swift */; };
		FA37D9772BBB39C50094589F /* OrionView.swift in Sources */ = {isa = PBXBuildFile; fileRef = FA37D9762BBB39C50094589F /* OrionView.swift */; };
		FA37D9792BBB3A6F0094589F /* MonthPicker.swift in Sources */ = {isa = PBXBuildFile; fileRef = FA37D9782BBB3A6F0094589F /* MonthPicker.swift */; };
		FA37D97B2BBB49170094589F /* CalendarView.swift in Sources */ = {isa = PBXBuildFile; fileRef = FA37D97A2BBB49170094589F /* CalendarView.swift */; };
		FA37D97D2BBB9EEB0094589F /* PeopleView.swift in Sources */ = {isa = PBXBuildFile; fileRef = FA37D97C2BBB9EEB0094589F /* PeopleView.swift */; };
/* End PBXBuildFile section */

/* Begin PBXFileReference section */
		A2E860242BD20DDB000EBA52 /* RenderedImageView.swift */ = {isa = PBXFileReference; lastKnownFileType = sourcecode.swift; path = RenderedImageView.swift; sourceTree = "<group>"; };
		FA2CC3CD2BC9EF98008064A2 /* OTextField.swift */ = {isa = PBXFileReference; lastKnownFileType = sourcecode.swift; path = OTextField.swift; sourceTree = "<group>"; };
		FA37D9612BBB2F620094589F /* Orion.app */ = {isa = PBXFileReference; explicitFileType = wrapper.application; includeInIndex = 0; path = Orion.app; sourceTree = BUILT_PRODUCTS_DIR; };
		FA37D9642BBB2F620094589F /* OrionApp.swift */ = {isa = PBXFileReference; lastKnownFileType = sourcecode.swift; path = OrionApp.swift; sourceTree = "<group>"; };
		FA37D9662BBB2F620094589F /* ContentView.swift */ = {isa = PBXFileReference; lastKnownFileType = sourcecode.swift; path = ContentView.swift; sourceTree = "<group>"; };
		FA37D9682BBB2F640094589F /* Assets.xcassets */ = {isa = PBXFileReference; lastKnownFileType = folder.assetcatalog; path = Assets.xcassets; sourceTree = "<group>"; };
		FA37D96B2BBB2F640094589F /* Preview Assets.xcassets */ = {isa = PBXFileReference; lastKnownFileType = folder.assetcatalog; path = "Preview Assets.xcassets"; sourceTree = "<group>"; };
		FA37D9722BBB2FB40094589F /* AppInfo.swift */ = {isa = PBXFileReference; lastKnownFileType = sourcecode.swift; path = AppInfo.swift; sourceTree = "<group>"; };
		FA37D9742BBB33620094589F /* YearPicker.swift */ = {isa = PBXFileReference; lastKnownFileType = sourcecode.swift; path = YearPicker.swift; sourceTree = "<group>"; };
		FA37D9762BBB39C50094589F /* OrionView.swift */ = {isa = PBXFileReference; lastKnownFileType = sourcecode.swift; path = OrionView.swift; sourceTree = "<group>"; };
		FA37D9782BBB3A6F0094589F /* MonthPicker.swift */ = {isa = PBXFileReference; lastKnownFileType = sourcecode.swift; path = MonthPicker.swift; sourceTree = "<group>"; };
		FA37D97A2BBB49170094589F /* CalendarView.swift */ = {isa = PBXFileReference; lastKnownFileType = sourcecode.swift; path = CalendarView.swift; sourceTree = "<group>"; };
		FA37D97C2BBB9EEB0094589F /* PeopleView.swift */ = {isa = PBXFileReference; lastKnownFileType = sourcecode.swift; path = PeopleView.swift; sourceTree = "<group>"; };
/* End PBXFileReference section */

/* Begin PBXFrameworksBuildPhase section */
		FA37D95E2BBB2F620094589F /* Frameworks */ = {
			isa = PBXFrameworksBuildPhase;
			buildActionMask = 2147483647;
			files = (
			);
			runOnlyForDeploymentPostprocessing = 0;
		};
/* End PBXFrameworksBuildPhase section */

/* Begin PBXGroup section */
		FA2CC3CC2BC9EF8A008064A2 /* Components */ = {
			isa = PBXGroup;
			children = (
				FA2CC3CD2BC9EF98008064A2 /* OTextField.swift */,
			);
			path = Components;
			sourceTree = "<group>";
		};
		FA37D9582BBB2F620094589F = {
			isa = PBXGroup;
			children = (
				FA37D9632BBB2F620094589F /* Orion */,
				FA37D9622BBB2F620094589F /* Products */,
			);
			sourceTree = "<group>";
		};
		FA37D9622BBB2F620094589F /* Products */ = {
			isa = PBXGroup;
			children = (
				FA37D9612BBB2F620094589F /* Orion.app */,
			);
			name = Products;
			sourceTree = "<group>";
		};
		FA37D9632BBB2F620094589F /* Orion */ = {
			isa = PBXGroup;
			children = (
				FA2CC3CC2BC9EF8A008064A2 /* Components */,
				FA37D9642BBB2F620094589F /* OrionApp.swift */,
				FA37D9662BBB2F620094589F /* ContentView.swift */,
				FA37D9682BBB2F640094589F /* Assets.xcassets */,
				FA37D96A2BBB2F640094589F /* Preview Content */,
				FA37D9722BBB2FB40094589F /* AppInfo.swift */,
				FA37D9762BBB39C50094589F /* OrionView.swift */,
				FA37D9742BBB33620094589F /* YearPicker.swift */,
				FA37D9782BBB3A6F0094589F /* MonthPicker.swift */,
				FA37D97A2BBB49170094589F /* CalendarView.swift */,
				A2E860242BD20DDB000EBA52 /* RenderedImageView.swift */,
				FA37D97C2BBB9EEB0094589F /* PeopleView.swift */,
			);
			path = Orion;
			sourceTree = "<group>";
		};
		FA37D96A2BBB2F640094589F /* Preview Content */ = {
			isa = PBXGroup;
			children = (
				FA37D96B2BBB2F640094589F /* Preview Assets.xcassets */,
			);
			path = "Preview Content";
			sourceTree = "<group>";
		};
/* End PBXGroup section */

/* Begin PBXNativeTarget section */
		FA37D9602BBB2F620094589F /* Orion */ = {
			isa = PBXNativeTarget;
			buildConfigurationList = FA37D96F2BBB2F640094589F /* Build configuration list for PBXNativeTarget "Orion" */;
			buildPhases = (
				FA37D95D2BBB2F620094589F /* Sources */,
				FA37D95E2BBB2F620094589F /* Frameworks */,
				FA37D95F2BBB2F620094589F /* Resources */,
			);
			buildRules = (
			);
			dependencies = (
			);
			name = Orion;
			productName = Orion;
			productReference = FA37D9612BBB2F620094589F /* Orion.app */;
			productType = "com.apple.product-type.application";
		};
/* End PBXNativeTarget section */

/* Begin PBXProject section */
		FA37D9592BBB2F620094589F /* Project object */ = {
			isa = PBXProject;
			attributes = {
				BuildIndependentTargetsInParallel = 1;
				LastSwiftUpdateCheck = 1530;
				LastUpgradeCheck = 1530;
				TargetAttributes = {
					FA37D9602BBB2F620094589F = {
						CreatedOnToolsVersion = 15.3;
					};
				};
			};
			buildConfigurationList = FA37D95C2BBB2F620094589F /* Build configuration list for PBXProject "Orion" */;
			compatibilityVersion = "Xcode 14.0";
			developmentRegion = en;
			hasScannedForEncodings = 0;
			knownRegions = (
				en,
				Base,
			);
			mainGroup = FA37D9582BBB2F620094589F;
			productRefGroup = FA37D9622BBB2F620094589F /* Products */;
			projectDirPath = "";
			projectRoot = "";
			targets = (
				FA37D9602BBB2F620094589F /* Orion */,
			);
		};
/* End PBXProject section */

/* Begin PBXResourcesBuildPhase section */
		FA37D95F2BBB2F620094589F /* Resources */ = {
			isa = PBXResourcesBuildPhase;
			buildActionMask = 2147483647;
			files = (
				FA37D96C2BBB2F640094589F /* Preview Assets.xcassets in Resources */,
				FA37D9692BBB2F640094589F /* Assets.xcassets in Resources */,
			);
			runOnlyForDeploymentPostprocessing = 0;
		};
/* End PBXResourcesBuildPhase section */

/* Begin PBXSourcesBuildPhase section */
		FA37D95D2BBB2F620094589F /* Sources */ = {
			isa = PBXSourcesBuildPhase;
			buildActionMask = 2147483647;
			files = (
				FA37D9672BBB2F620094589F /* ContentView.swift in Sources */,
				FA37D97B2BBB49170094589F /* CalendarView.swift in Sources */,
				FA2CC3CE2BC9EF98008064A2 /* OTextField.swift in Sources */,
				A2E860252BD20DDB000EBA52 /* RenderedImageView.swift in Sources */,
				FA37D9772BBB39C50094589F /* OrionView.swift in Sources */,
				FA37D97D2BBB9EEB0094589F /* PeopleView.swift in Sources */,
				FA37D9652BBB2F620094589F /* OrionApp.swift in Sources */,
				FA37D9752BBB33620094589F /* YearPicker.swift in Sources */,
				FA37D9792BBB3A6F0094589F /* MonthPicker.swift in Sources */,
				FA37D9732BBB2FB40094589F /* AppInfo.swift in Sources */,
			);
			runOnlyForDeploymentPostprocessing = 0;
		};
/* End PBXSourcesBuildPhase section */

/* Begin XCBuildConfiguration section */
		FA37D96D2BBB2F640094589F /* Debug */ = {
			isa = XCBuildConfiguration;
			buildSettings = {
				ALWAYS_SEARCH_USER_PATHS = NO;
				ASSETCATALOG_COMPILER_GENERATE_SWIFT_ASSET_SYMBOL_EXTENSIONS = YES;
				CLANG_ANALYZER_NONNULL = YES;
				CLANG_ANALYZER_NUMBER_OBJECT_CONVERSION = YES_AGGRESSIVE;
				CLANG_CXX_LANGUAGE_STANDARD = "gnu++20";
				CLANG_ENABLE_MODULES = YES;
				CLANG_ENABLE_OBJC_ARC = YES;
				CLANG_ENABLE_OBJC_WEAK = YES;
				CLANG_WARN_BLOCK_CAPTURE_AUTORELEASING = YES;
				CLANG_WARN_BOOL_CONVERSION = YES;
				CLANG_WARN_COMMA = YES;
				CLANG_WARN_CONSTANT_CONVERSION = YES;
				CLANG_WARN_DEPRECATED_OBJC_IMPLEMENTATIONS = YES;
				CLANG_WARN_DIRECT_OBJC_ISA_USAGE = YES_ERROR;
				CLANG_WARN_DOCUMENTATION_COMMENTS = YES;
				CLANG_WARN_EMPTY_BODY = YES;
				CLANG_WARN_ENUM_CONVERSION = YES;
				CLANG_WARN_INFINITE_RECURSION = YES;
				CLANG_WARN_INT_CONVERSION = YES;
				CLANG_WARN_NON_LITERAL_NULL_CONVERSION = YES;
				CLANG_WARN_OBJC_IMPLICIT_RETAIN_SELF = YES;
				CLANG_WARN_OBJC_LITERAL_CONVERSION = YES;
				CLANG_WARN_OBJC_ROOT_CLASS = YES_ERROR;
				CLANG_WARN_QUOTED_INCLUDE_IN_FRAMEWORK_HEADER = YES;
				CLANG_WARN_RANGE_LOOP_ANALYSIS = YES;
				CLANG_WARN_STRICT_PROTOTYPES = YES;
				CLANG_WARN_SUSPICIOUS_MOVE = YES;
				CLANG_WARN_UNGUARDED_AVAILABILITY = YES_AGGRESSIVE;
				CLANG_WARN_UNREACHABLE_CODE = YES;
				CLANG_WARN__DUPLICATE_METHOD_MATCH = YES;
				COPY_PHASE_STRIP = NO;
				DEBUG_INFORMATION_FORMAT = dwarf;
				ENABLE_STRICT_OBJC_MSGSEND = YES;
				ENABLE_TESTABILITY = YES;
				ENABLE_USER_SCRIPT_SANDBOXING = YES;
				GCC_C_LANGUAGE_STANDARD = gnu17;
				GCC_DYNAMIC_NO_PIC = NO;
				GCC_NO_COMMON_BLOCKS = YES;
				GCC_OPTIMIZATION_LEVEL = 0;
				GCC_PREPROCESSOR_DEFINITIONS = (
					"DEBUG=1",
					"$(inherited)",
				);
				GCC_WARN_64_TO_32_BIT_CONVERSION = YES;
				GCC_WARN_ABOUT_RETURN_TYPE = YES_ERROR;
				GCC_WARN_UNDECLARED_SELECTOR = YES;
				GCC_WARN_UNINITIALIZED_AUTOS = YES_AGGRESSIVE;
				GCC_WARN_UNUSED_FUNCTION = YES;
				GCC_WARN_UNUSED_VARIABLE = YES;
				IPHONEOS_DEPLOYMENT_TARGET = 17.4;
				LOCALIZATION_PREFERS_STRING_CATALOGS = YES;
				MTL_ENABLE_DEBUG_INFO = INCLUDE_SOURCE;
				MTL_FAST_MATH = YES;
				ONLY_ACTIVE_ARCH = YES;
				SDKROOT = iphoneos;
				SWIFT_ACTIVE_COMPILATION_CONDITIONS = "DEBUG $(inherited)";
				SWIFT_OPTIMIZATION_LEVEL = "-Onone";
			};
			name = Debug;
		};
		FA37D96E2BBB2F640094589F /* Release */ = {
			isa = XCBuildConfiguration;
			buildSettings = {
				ALWAYS_SEARCH_USER_PATHS = NO;
				ASSETCATALOG_COMPILER_GENERATE_SWIFT_ASSET_SYMBOL_EXTENSIONS = YES;
				CLANG_ANALYZER_NONNULL = YES;
				CLANG_ANALYZER_NUMBER_OBJECT_CONVERSION = YES_AGGRESSIVE;
				CLANG_CXX_LANGUAGE_STANDARD = "gnu++20";
				CLANG_ENABLE_MODULES = YES;
				CLANG_ENABLE_OBJC_ARC = YES;
				CLANG_ENABLE_OBJC_WEAK = YES;
				CLANG_WARN_BLOCK_CAPTURE_AUTORELEASING = YES;
				CLANG_WARN_BOOL_CONVERSION = YES;
				CLANG_WARN_COMMA = YES;
				CLANG_WARN_CONSTANT_CONVERSION = YES;
				CLANG_WARN_DEPRECATED_OBJC_IMPLEMENTATIONS = YES;
				CLANG_WARN_DIRECT_OBJC_ISA_USAGE = YES_ERROR;
				CLANG_WARN_DOCUMENTATION_COMMENTS = YES;
				CLANG_WARN_EMPTY_BODY = YES;
				CLANG_WARN_ENUM_CONVERSION = YES;
				CLANG_WARN_INFINITE_RECURSION = YES;
				CLANG_WARN_INT_CONVERSION = YES;
				CLANG_WARN_NON_LITERAL_NULL_CONVERSION = YES;
				CLANG_WARN_OBJC_IMPLICIT_RETAIN_SELF = YES;
				CLANG_WARN_OBJC_LITERAL_CONVERSION = YES;
				CLANG_WARN_OBJC_ROOT_CLASS = YES_ERROR;
				CLANG_WARN_QUOTED_INCLUDE_IN_FRAMEWORK_HEADER = YES;
				CLANG_WARN_RANGE_LOOP_ANALYSIS = YES;
				CLANG_WARN_STRICT_PROTOTYPES = YES;
				CLANG_WARN_SUSPICIOUS_MOVE = YES;
				CLANG_WARN_UNGUARDED_AVAILABILITY = YES_AGGRESSIVE;
				CLANG_WARN_UNREACHABLE_CODE = YES;
				CLANG_WARN__DUPLICATE_METHOD_MATCH = YES;
				COPY_PHASE_STRIP = NO;
				DEBUG_INFORMATION_FORMAT = "dwarf-with-dsym";
				ENABLE_NS_ASSERTIONS = NO;
				ENABLE_STRICT_OBJC_MSGSEND = YES;
				ENABLE_USER_SCRIPT_SANDBOXING = YES;
				GCC_C_LANGUAGE_STANDARD = gnu17;
				GCC_NO_COMMON_BLOCKS = YES;
				GCC_WARN_64_TO_32_BIT_CONVERSION = YES;
				GCC_WARN_ABOUT_RETURN_TYPE = YES_ERROR;
				GCC_WARN_UNDECLARED_SELECTOR = YES;
				GCC_WARN_UNINITIALIZED_AUTOS = YES_AGGRESSIVE;
				GCC_WARN_UNUSED_FUNCTION = YES;
				GCC_WARN_UNUSED_VARIABLE = YES;
				IPHONEOS_DEPLOYMENT_TARGET = 17.4;
				LOCALIZATION_PREFERS_STRING_CATALOGS = YES;
				MTL_ENABLE_DEBUG_INFO = NO;
				MTL_FAST_MATH = YES;
				SDKROOT = iphoneos;
				SWIFT_COMPILATION_MODE = wholemodule;
				VALIDATE_PRODUCT = YES;
			};
			name = Release;
		};
		FA37D9702BBB2F640094589F /* Debug */ = {
			isa = XCBuildConfiguration;
			buildSettings = {
				ASSETCATALOG_COMPILER_APPICON_NAME = AppIcon;
				ASSETCATALOG_COMPILER_GLOBAL_ACCENT_COLOR_NAME = AccentColor;
				CODE_SIGN_STYLE = Automatic;
				CURRENT_PROJECT_VERSION = 1;
				DEVELOPMENT_ASSET_PATHS = "\"Orion/Preview Content\"";
				DEVELOPMENT_TEAM = 9UX79BP8JN;
				ENABLE_PREVIEWS = YES;
				GENERATE_INFOPLIST_FILE = YES;
				INFOPLIST_KEY_NSPhotoLibraryAddUsageDescription = "Needed to save your image";
				INFOPLIST_KEY_UIApplicationSceneManifest_Generation = YES;
				INFOPLIST_KEY_UIApplicationSupportsIndirectInputEvents = YES;
				INFOPLIST_KEY_UILaunchScreen_Generation = YES;
				INFOPLIST_KEY_UISupportedInterfaceOrientations_iPad = "UIInterfaceOrientationPortrait UIInterfaceOrientationPortraitUpsideDown UIInterfaceOrientationLandscapeLeft UIInterfaceOrientationLandscapeRight";
				INFOPLIST_KEY_UISupportedInterfaceOrientations_iPhone = "UIInterfaceOrientationPortrait UIInterfaceOrientationLandscapeLeft UIInterfaceOrientationLandscapeRight";
				IPHONEOS_DEPLOYMENT_TARGET = 16.0;
				LD_RUNPATH_SEARCH_PATHS = (
					"$(inherited)",
					"@executable_path/Frameworks",
				);
				MARKETING_VERSION = 1.0;
				PRODUCT_BUNDLE_IDENTIFIER = com.personal.Orion;
				PRODUCT_NAME = "$(TARGET_NAME)";
				SUPPORTED_PLATFORMS = "iphoneos iphonesimulator macosx";
				SUPPORTS_MACCATALYST = NO;
				SWIFT_EMIT_LOC_STRINGS = YES;
				SWIFT_VERSION = 5.0;
				TARGETED_DEVICE_FAMILY = "1,2";
			};
			name = Debug;
		};
		FA37D9712BBB2F640094589F /* Release */ = {
			isa = XCBuildConfiguration;
			buildSettings = {
				ASSETCATALOG_COMPILER_APPICON_NAME = AppIcon;
				ASSETCATALOG_COMPILER_GLOBAL_ACCENT_COLOR_NAME = AccentColor;
				CODE_SIGN_STYLE = Automatic;
				CURRENT_PROJECT_VERSION = 1;
				DEVELOPMENT_ASSET_PATHS = "\"Orion/Preview Content\"";
				DEVELOPMENT_TEAM = 9UX79BP8JN;
				ENABLE_PREVIEWS = YES;
				GENERATE_INFOPLIST_FILE = YES;
				INFOPLIST_KEY_NSPhotoLibraryAddUsageDescription = "Needed to save your image";
				INFOPLIST_KEY_UIApplicationSceneManifest_Generation = YES;
				INFOPLIST_KEY_UIApplicationSupportsIndirectInputEvents = YES;
				INFOPLIST_KEY_UILaunchScreen_Generation = YES;
				INFOPLIST_KEY_UISupportedInterfaceOrientations_iPad = "UIInterfaceOrientationPortrait UIInterfaceOrientationPortraitUpsideDown UIInterfaceOrientationLandscapeLeft UIInterfaceOrientationLandscapeRight";
				INFOPLIST_KEY_UISupportedInterfaceOrientations_iPhone = "UIInterfaceOrientationPortrait UIInterfaceOrientationLandscapeLeft UIInterfaceOrientationLandscapeRight";
				IPHONEOS_DEPLOYMENT_TARGET = 16.0;
				LD_RUNPATH_SEARCH_PATHS = (
					"$(inherited)",
					"@executable_path/Frameworks",
				);
				MARKETING_VERSION = 1.0;
				PRODUCT_BUNDLE_IDENTIFIER = com.personal.Orion;
				PRODUCT_NAME = "$(TARGET_NAME)";
				SUPPORTED_PLATFORMS = "iphoneos iphonesimulator macosx";
				SUPPORTS_MACCATALYST = NO;
				SWIFT_EMIT_LOC_STRINGS = YES;
				SWIFT_VERSION = 5.0;
				TARGETED_DEVICE_FAMILY = "1,2";
			};
			name = Release;
		};
/* End XCBuildConfiguration section */

/* Begin XCConfigurationList section */
		FA37D95C2BBB2F620094589F /* Build configuration list for PBXProject "Orion" */ = {
			isa = XCConfigurationList;
			buildConfigurations = (
				FA37D96D2BBB2F640094589F /* Debug */,
				FA37D96E2BBB2F640094589F /* Release */,
			);
			defaultConfigurationIsVisible = 0;
			defaultConfigurationName = Release;
		};
		FA37D96F2BBB2F640094589F /* Build configuration list for PBXNativeTarget "Orion" */ = {
			isa = XCConfigurationList;
			buildConfigurations = (
				FA37D9702BBB2F640094589F /* Debug */,
				FA37D9712BBB2F640094589F /* Release */,
			);
			defaultConfigurationIsVisible = 0;
			defaultConfigurationName = Release;
		};
/* End XCConfigurationList section */
	};
	rootObject = FA37D9592BBB2F620094589F /* Project object */;
}
